
Microsoft Visual Studio Solution File, Format Version 12.00
# Visual Studio 15
VisualStudioVersion = 15.0.28307.645
MinimumVisualStudioVersion = 10.0.40219.1
Project("{8BC9CEB8-8B4A-11D0-8D11-00A0C91BC942}") = "ParticleToy", "ParticleToy\ParticleToy.vcxproj", "{6EE67520-3058-4BA8-ABAA-C87744C27581}"
EndProject
Global
	GlobalSection(SolutionConfigurationPlatforms) = preSolution
		Debug|x64 = Debug|x64
		Debug|x86 = Debug|x86
		Release|x64 = Release|x64
		Release|x86 = Release|x86
	EndGlobalSection
	GlobalSection(ProjectConfigurationPlatforms) = postSolution
		{6EE67520-3058-4BA8-ABAA-C87744C27581}.Debug|x64.ActiveCfg = Debug|x64
		{6EE67520-3058-4BA8-ABAA-C87744C27581}.Debug|x64.Build.0 = Debug|x64
		{6EE67520-3058-4BA8-ABAA-C87744C27581}.Debug|x86.ActiveCfg = Debug|Win32
		{6EE67520-3058-4BA8-ABAA-C87744C27581}.Debug|x86.Build.0 = Debug|Win32
		{6EE67520-3058-4BA8-ABAA-C87744C27581}.Release|x64.ActiveCfg = Release|x64
		{6EE67520-3058-4BA8-ABAA-C87744C27581}.Release|x64.Build.0 = Release|x64
		{6EE67520-3058-4BA8-ABAA-C87744C27581}.Release|x86.ActiveCfg = Release|Win32
		{6EE67520-3058-4BA8-ABAA-C87744C27581}.Release|x86.Build.0 = Release|Win32
	EndGlobalSection
	GlobalSection(SolutionProperties) = preSolution
		HideSolutionNode = FALSE
	EndGlobalSection
	GlobalSection(ExtensibilityGlobals) = postSolution
		SolutionGuid = {4ECC532D-A491-4BB7-865B-53B7BA945A5D}
	EndGlobalSection
EndGlobal
