<?xml version="1.0" encoding="utf-8"?>
<Project ToolsVersion="4.0" xmlns="http://schemas.microsoft.com/developer/msbuild/2003">
  <ItemGroup>
    <Filter Include="源文件">
      <UniqueIdentifier>{4FC737F1-C7A5-4376-A066-2A32D752A2FF}</UniqueIdentifier>
      <Extensions>cpp;c;cc;cxx;def;odl;idl;hpj;bat;asm;asmx</Extensions>
    </Filter>
    <Filter Include="头文件">
      <UniqueIdentifier>{93995380-89BD-4b04-88EB-625FBE52EBFB}</UniqueIdentifier>
      <Extensions>h;hh;hpp;hxx;hm;inl;inc;ipp;xsd</Extensions>
    </Filter>
    <Filter Include="资源文件">
      <UniqueIdentifier>{67DA6AB6-F800-4c08-8B7A-83BB121AAD01}</UniqueIdentifier>
      <Extensions>rc;ico;cur;bmp;dlg;rc2;rct;bin;rgs;gif;jpg;jpeg;jpe;resx;tiff;tif;png;wav;mfcribbon-ms</Extensions>
    </Filter>
    <Filter Include="头文件\Base">
      <UniqueIdentifier>{745a4f5f-e1c9-460b-898b-809dcc8bf7d1}</UniqueIdentifier>
    </Filter>
    <Filter Include="源文件\Base">
      <UniqueIdentifier>{2e263579-27b1-4489-9bb6-7d32ee9595de}</UniqueIdentifier>
    </Filter>
    <Filter Include="头文件\Base\Solvers">
      <UniqueIdentifier>{feeb598d-cab5-4d7f-8e9a-85d782469d00}</UniqueIdentifier>
    </Filter>
    <Filter Include="源文件\Base\Solvers">
      <UniqueIdentifier>{b345cb86-48c0-44d6-a93b-f2fd166e13da}</UniqueIdentifier>
    </Filter>
  </ItemGroup>
  <ItemGroup>
    <ClInclude Include="pch.h">
      <Filter>头文件</Filter>
    </ClInclude>
    <ClInclude Include="..\include\Base\Taiji.h">
      <Filter>头文件\Base</Filter>
    </ClInclude>
    <ClInclude Include="..\include\Base\Spaces.h">
      <Filter>头文件\Base</Filter>
    </ClInclude>
    <ClInclude Include="..\include\Base\Container.h">
      <Filter>头文件\Base</Filter>
    </ClInclude>
    <ClInclude Include="..\include\Base\Utility.h">
      <Filter>头文件\Base</Filter>
    </ClInclude>
    <ClInclude Include="..\include\Base\Fast3D.h">
      <Filter>头文件\Base</Filter>
    </ClInclude>
    <ClInclude Include="..\include\Base\Evolver.h">
      <Filter>头文件\Base</Filter>
    </ClInclude>
    <ClInclude Include="..\include\Base\FastMath.h">
      <Filter>头文件\Base</Filter>
    </ClInclude>
    <ClInclude Include="..\include\Base\FastGeo.h">
      <Filter>头文件\Base</Filter>
    </ClInclude>
    <ClInclude Include="..\include\Base\EffectSpace.h">
      <Filter>头文件\Base</Filter>
    </ClInclude>
    <ClInclude Include="..\include\Base\FastPnt.h">
      <Filter>头文件\Base</Filter>
    </ClInclude>
    <ClInclude Include="..\include\Base\FastGrid.h">
      <Filter>头文件\Base</Filter>
    </ClInclude>
    <ClInclude Include="..\include\Base\Solvers\SolverUtility.h">
      <Filter>头文件\Base\Solvers</Filter>
    </ClInclude>
    <ClInclude Include="..\include\Base\Solvers\PhysicSolver.h">
      <Filter>头文件\Base\Solvers</Filter>
    </ClInclude>
    <ClInclude Include="..\include\Base\Solvers\CollisionSolver.h">
      <Filter>头文件\Base\Solvers</Filter>
    </ClInclude>
    <ClInclude Include="..\include\Base\Solvers\ColliMergeSolver.h">
      <Filter>头文件\Base\Solvers</Filter>
    </ClInclude>
    <ClInclude Include="..\include\Base\Relation.h">
      <Filter>头文件\Base</Filter>
    </ClInclude>
  </ItemGroup>
  <ItemGroup>
    <ClCompile Include="pch.cpp">
      <Filter>源文件</Filter>
    </ClCompile>
    <ClCompile Include="ParticleToy.cpp">
      <Filter>源文件</Filter>
    </ClCompile>
    <ClCompile Include="..\include\Base\Taiji.cpp">
      <Filter>源文件\Base</Filter>
    </ClCompile>
    <ClCompile Include="..\include\Base\Spaces.cpp">
      <Filter>源文件\Base</Filter>
    </ClCompile>
    <ClCompile Include="..\include\Base\Container.cpp">
      <Filter>源文件\Base</Filter>
    </ClCompile>
    <ClCompile Include="..\include\Base\Utility.cpp">
      <Filter>源文件\Base</Filter>
    </ClCompile>
    <ClCompile Include="..\include\Base\Fast3D.cpp">
      <Filter>源文件\Base</Filter>
    </ClCompile>
    <ClCompile Include="..\include\Base\Evolver.cpp">
      <Filter>源文件\Base</Filter>
    </ClCompile>
    <ClCompile Include="..\include\Base\FastMath.cpp">
      <Filter>源文件\Base</Filter>
    </ClCompile>
    <ClCompile Include="..\include\Base\FastGeo.cpp">
      <Filter>源文件\Base</Filter>
    </ClCompile>
    <ClCompile Include="..\include\Base\EffectSpace.cpp">
      <Filter>源文件\Base</Filter>
    </ClCompile>
    <ClCompile Include="..\include\Base\FastPnt.cpp">
      <Filter>源文件\Base</Filter>
    </ClCompile>
    <ClCompile Include="..\include\Base\FastGrid.cpp">
      <Filter>源文件\Base</Filter>
    </ClCompile>
    <ClCompile Include="..\Backup\golf.cpp">
      <Filter>资源文件</Filter>
    </ClCompile>
    <ClCompile Include="..\Backup\threebody.cpp">
      <Filter>资源文件</Filter>
    </ClCompile>
    <ClCompile Include="..\include\Base\Solvers\SolverUtility.cpp">
      <Filter>源文件\Base\Solvers</Filter>
    </ClCompile>
    <ClCompile Include="..\include\Base\Solvers\PhysicSolver.cpp">
      <Filter>源文件\Base\Solvers</Filter>
    </ClCompile>
    <ClCompile Include="..\include\Base\Solvers\CollisionSolver.cpp">
      <Filter>源文件\Base\Solvers</Filter>
    </ClCompile>
    <ClCompile Include="..\include\Base\Solvers\ColliMergeSolver.cpp">
      <Filter>源文件\Base\Solvers</Filter>
    </ClCompile>
    <ClCompile Include="..\include\Base\Relation.cpp">
      <Filter>源文件\Base</Filter>
    </ClCompile>
  </ItemGroup>
  <ItemGroup>
    <Text Include="..\Backup\testStandard.txt">
      <Filter>资源文件</Filter>
    </Text>
  </ItemGroup>
</Project>