<?xml version="1.0" encoding="utf-8"?>
<Project ToolsVersion="4.0" xmlns="http://schemas.microsoft.com/developer/msbuild/2003">
  <ItemGroup>
    <Filter Include="源文件">
      <UniqueIdentifier>{4FC737F1-C7A5-4376-A066-2A32D752A2FF}</UniqueIdentifier>
      <Extensions>cpp;c;cc;cxx;def;odl;idl;hpj;bat;asm;asmx</Extensions>
    </Filter>
    <Filter Include="头文件">
      <UniqueIdentifier>{93995380-89BD-4b04-88EB-625FBE52EBFB}</UniqueIdentifier>
      <Extensions>h;hh;hpp;hxx;hm;inl;inc;ipp;xsd</Extensions>
    </Filter>
    <Filter Include="资源文件">
      <UniqueIdentifier>{67DA6AB6-F800-4c08-8B7A-83BB121AAD01}</UniqueIdentifier>
      <Extensions>rc;ico;cur;bmp;dlg;rc2;rct;bin;rgs;gif;jpg;jpeg;jpe;resx;tiff;tif;png;wav;mfcribbon-ms</Extensions>
    </Filter>
    <Filter Include="头文件\Base">
      <UniqueIdentifier>{745a4f5f-e1c9-460b-898b-809dcc8bf7d1}</UniqueIdentifier>
    </Filter>
    <Filter Include="源文件\Base">
      <UniqueIdentifier>{2e263579-27b1-4489-9bb6-7d32ee9595de}</UniqueIdentifier>
    </Filter>
    <Filter Include="头文件\Base\Solvers">
      <UniqueIdentifier>{feeb598d-cab5-4d7f-8e9a-85d782469d00}</UniqueIdentifier>
    </Filter>
    <Filter Include="源文件\Base\Solvers">
      <UniqueIdentifier>{b345cb86-48c0-44d6-a93b-f2fd166e13da}</UniqueIdentifier>
    </Filter>
    <Filter Include="头文件\Base\Spaces">
      <UniqueIdentifier>{467cf648-369f-4361-a124-d8ee09ac5912}</UniqueIdentifier>
    </Filter>
    <Filter Include="源文件\Base\Spaces">
      <UniqueIdentifier>{1e75eb94-4248-4987-8365-b0013989d547}</UniqueIdentifier>
    </Filter>
    <Filter Include="头文件\Base\photonRender">
      <UniqueIdentifier>{03a556f8-88e8-4c27-9438-81f1277b37a6}</UniqueIdentifier>
    </Filter>
    <Filter Include="源文件\Base\photonRender">
      <UniqueIdentifier>{9c4ad404-3189-41fd-aeaa-eae1890c10da}</UniqueIdentifier>
    </Filter>
    <Filter Include="头文件\Base\rayTraceRender">
      <UniqueIdentifier>{64a3ab3d-459d-4fa9-b308-c09f8458a0aa}</UniqueIdentifier>
    </Filter>
    <Filter Include="源文件\Base\rayTraceRender">
      <UniqueIdentifier>{536d9a18-1a1a-436a-a8d7-dc980d8cf354}</UniqueIdentifier>
    </Filter>
    <Filter Include="头文件\Base\Render">
      <UniqueIdentifier>{f0c7b5bf-bbf7-4566-b854-8ebbd524a410}</UniqueIdentifier>
    </Filter>
    <Filter Include="源文件\Base\Render">
      <UniqueIdentifier>{bff15e2b-7e4f-491f-bf25-43e2e39b9b9f}</UniqueIdentifier>
    </Filter>
    <Filter Include="头文件\Base\rayTraceRender\BounceMode">
      <UniqueIdentifier>{0a125163-52bc-4547-8ef6-0d3ea1eab335}</UniqueIdentifier>
    </Filter>
    <Filter Include="头文件\Base\rayTraceRender\BounceMode\CheapBounce">
      <UniqueIdentifier>{650b6c0e-e5a4-4c6c-a788-4dabaf27f175}</UniqueIdentifier>
    </Filter>
    <Filter Include="头文件\Base\rayTraceRender\BounceMode\ReflectBounce">
      <UniqueIdentifier>{992ac6eb-0e4f-4fae-9627-87cd7daefbdb}</UniqueIdentifier>
    </Filter>
    <Filter Include="头文件\Base\rayTraceRender\BounceMode\MonteCarlo">
      <UniqueIdentifier>{86e44918-438b-4999-a14a-866506bf7494}</UniqueIdentifier>
    </Filter>
    <Filter Include="源文件\Base\rayTraceRender\BounceMode">
      <UniqueIdentifier>{ce1c74fd-87f0-41b1-a66e-9f5bbd4c3dff}</UniqueIdentifier>
    </Filter>
    <Filter Include="源文件\Base\rayTraceRender\BounceMode\CheapBounce">
      <UniqueIdentifier>{75eb11a5-8f38-4484-acb6-b978cc65cdbd}</UniqueIdentifier>
    </Filter>
    <Filter Include="源文件\Base\rayTraceRender\BounceMode\ReflectBounce">
      <UniqueIdentifier>{5bab2d11-b9c4-408b-a254-89e6ecb005fb}</UniqueIdentifier>
    </Filter>
    <Filter Include="源文件\Base\rayTraceRender\BounceMode\MonteCarlo">
      <UniqueIdentifier>{4a66e6b3-dea3-4ea3-afba-08c3cafe5ff9}</UniqueIdentifier>
    </Filter>
    <Filter Include="头文件\Base\rayTraceRender\TraceMode">
      <UniqueIdentifier>{f685407b-ef2e-4809-9d80-adad2d581a3a}</UniqueIdentifier>
    </Filter>
    <Filter Include="头文件\Base\rayTraceRender\TraceMode\SDFSphereTrace">
      <UniqueIdentifier>{47aacbc2-2123-4ff9-822f-71dfe20d6cf8}</UniqueIdentifier>
    </Filter>
    <Filter Include="源文件\Base\rayTraceRender\TraceMode">
      <UniqueIdentifier>{6d718dae-3bb6-4e26-942b-49b041b0596e}</UniqueIdentifier>
    </Filter>
    <Filter Include="源文件\Base\rayTraceRender\TraceMode\SDFSphereTrace">
      <UniqueIdentifier>{bac21f3f-17f4-4962-8547-bdf62c9576ad}</UniqueIdentifier>
    </Filter>
    <Filter Include="头文件\Base\Tools">
      <UniqueIdentifier>{33295c08-642b-48a5-806d-535b81833cbf}</UniqueIdentifier>
    </Filter>
    <Filter Include="源文件\Base\Tools">
      <UniqueIdentifier>{fda4a71f-8c7e-4ca6-a8cb-66484bd17702}</UniqueIdentifier>
    </Filter>
    <Filter Include="头文件\Base\rayTraceRender\Optimize">
      <UniqueIdentifier>{640d364a-dcc1-4732-a685-540fe65ee6bb}</UniqueIdentifier>
    </Filter>
    <Filter Include="源文件\Base\rayTraceRender\Optimize">
      <UniqueIdentifier>{5b12b2bc-1d93-4edd-8f85-de91fba13943}</UniqueIdentifier>
    </Filter>
    <Filter Include="头文件\Base\FileHelper">
      <UniqueIdentifier>{66b5dfe6-8dbf-432a-8dc2-31481ceaec1c}</UniqueIdentifier>
    </Filter>
    <Filter Include="源文件\Base\FileHelper">
      <UniqueIdentifier>{eb4f9959-7ee0-4251-a0a2-9e651ec08ef0}</UniqueIdentifier>
    </Filter>
    <Filter Include="头文件\FFTOcean">
      <UniqueIdentifier>{df6a8635-952c-4c01-a460-8ecbcd2cc329}</UniqueIdentifier>
    </Filter>
    <Filter Include="源文件\FFTOcean">
      <UniqueIdentifier>{498bb0ce-d6c7-4adc-bbc2-b8bf55c24b76}</UniqueIdentifier>
    </Filter>
    <Filter Include="头文件\Base\Optimize">
      <UniqueIdentifier>{928a33e2-b813-489f-b01e-45e60d2f3b5c}</UniqueIdentifier>
    </Filter>
    <Filter Include="源文件\Base\Optimize">
      <UniqueIdentifier>{98fd4c31-0fcf-44dd-9841-664afd42eee0}</UniqueIdentifier>
    </Filter>
    <Filter Include="头文件\Base\Discretization">
      <UniqueIdentifier>{fcb01bb1-7588-489c-b095-24f6b9d59b99}</UniqueIdentifier>
    </Filter>
    <Filter Include="头文件\Base\Discretization\MarchingCube">
      <UniqueIdentifier>{693b7359-004e-44e4-befc-676e3f2e0adf}</UniqueIdentifier>
    </Filter>
    <Filter Include="源文件\Base\Discretization">
      <UniqueIdentifier>{d5ca9c6d-66d1-4deb-a24e-2382357d6d5a}</UniqueIdentifier>
    </Filter>
    <Filter Include="源文件\Base\Discretization\MarchingCube">
      <UniqueIdentifier>{e2d7ddf1-b8ee-456c-9d04-672af32b8c87}</UniqueIdentifier>
    </Filter>
    <Filter Include="源文件\Base\Noise">
      <UniqueIdentifier>{197ca887-1b04-4155-a91a-65bd3e77d041}</UniqueIdentifier>
    </Filter>
    <Filter Include="头文件\Base\Noise">
      <UniqueIdentifier>{3f2cf468-a033-43fa-8d60-751abca12634}</UniqueIdentifier>
    </Filter>
    <Filter Include="资源文件\Backup">
      <UniqueIdentifier>{0ffb0a06-96f4-430a-bb4b-fc9d15d1175d}</UniqueIdentifier>
    </Filter>
    <Filter Include="资源文件\pex">
      <UniqueIdentifier>{79b98968-a0d2-47e2-be9f-b08568ec6e39}</UniqueIdentifier>
    </Filter>
    <Filter Include="头文件\Interpreter">
      <UniqueIdentifier>{c75be376-c10f-4dd2-8248-23fc9aa78a63}</UniqueIdentifier>
    </Filter>
    <Filter Include="源文件\Interpreter">
      <UniqueIdentifier>{fad45af7-257f-4e6d-8f03-7cd128057e7a}</UniqueIdentifier>
    </Filter>
    <Filter Include="头文件\Interpreter\InterpLanguages">
      <UniqueIdentifier>{e3e00288-344a-429f-aa83-24ddbcfd6345}</UniqueIdentifier>
    </Filter>
    <Filter Include="源文件\Interpreter\InterpLanguages">
      <UniqueIdentifier>{277eb2f5-59dd-49ce-9983-002dfd178a7b}</UniqueIdentifier>
    </Filter>
  </ItemGroup>
  <ItemGroup>
    <ClInclude Include="pch.h">
      <Filter>头文件</Filter>
    </ClInclude>
    <ClInclude Include="..\include\Base\Taiji.h">
      <Filter>头文件\Base</Filter>
    </ClInclude>
    <ClInclude Include="..\include\Base\Container.h">
      <Filter>头文件\Base</Filter>
    </ClInclude>
    <ClInclude Include="..\include\Base\Utility.h">
      <Filter>头文件\Base</Filter>
    </ClInclude>
    <ClInclude Include="..\include\Base\Fast3D.h">
      <Filter>头文件\Base</Filter>
    </ClInclude>
    <ClInclude Include="..\include\Base\Evolver.h">
      <Filter>头文件\Base</Filter>
    </ClInclude>
    <ClInclude Include="..\include\Base\FastMath.h">
      <Filter>头文件\Base</Filter>
    </ClInclude>
    <ClInclude Include="..\include\Base\FastGeo.h">
      <Filter>头文件\Base</Filter>
    </ClInclude>
    <ClInclude Include="..\include\Base\EffectSpace.h">
      <Filter>头文件\Base</Filter>
    </ClInclude>
    <ClInclude Include="..\include\Base\FastPnt.h">
      <Filter>头文件\Base</Filter>
    </ClInclude>
    <ClInclude Include="..\include\Base\FastGrid.h">
      <Filter>头文件\Base</Filter>
    </ClInclude>
    <ClInclude Include="..\include\Base\Solvers\SolverUtility.h">
      <Filter>头文件\Base\Solvers</Filter>
    </ClInclude>
    <ClInclude Include="..\include\Base\Solvers\PhysicSolver.h">
      <Filter>头文件\Base\Solvers</Filter>
    </ClInclude>
    <ClInclude Include="..\include\Base\Solvers\CollisionSolver.h">
      <Filter>头文件\Base\Solvers</Filter>
    </ClInclude>
    <ClInclude Include="..\include\Base\Solvers\ColliMergeSolver.h">
      <Filter>头文件\Base\Solvers</Filter>
    </ClInclude>
    <ClInclude Include="..\include\Base\Relation.h">
      <Filter>头文件\Base</Filter>
    </ClInclude>
    <ClInclude Include="..\include\Base\TickUtility.h">
      <Filter>头文件\Base</Filter>
    </ClInclude>
    <ClInclude Include="..\include\Base\Spaces\Spaces.h">
      <Filter>头文件\Base\Spaces</Filter>
    </ClInclude>
    <ClInclude Include="..\include\Base\Spaces\Grid.h">
      <Filter>头文件\Base\Spaces</Filter>
    </ClInclude>
    <ClInclude Include="..\include\Base\Spaces\Terrain.h">
      <Filter>头文件\Base\Spaces</Filter>
    </ClInclude>
    <ClInclude Include="..\include\Base\photonRender\photonWorld.h">
      <Filter>头文件\Base\photonRender</Filter>
    </ClInclude>
    <ClInclude Include="..\include\Base\rayTraceRender\rayTraceWorld.h">
      <Filter>头文件\Base\rayTraceRender</Filter>
    </ClInclude>
    <ClInclude Include="..\include\Base\Object.h">
      <Filter>头文件\Base</Filter>
    </ClInclude>
    <ClInclude Include="..\include\Base\rayTraceRender\rayTraceScreen.h">
      <Filter>头文件\Base\rayTraceRender</Filter>
    </ClInclude>
    <ClInclude Include="..\include\Base\rayTraceRender\TraceRay.h">
      <Filter>头文件\Base\rayTraceRender</Filter>
    </ClInclude>
    <ClInclude Include="..\include\Base\Render\Material.h">
      <Filter>头文件\Base\Render</Filter>
    </ClInclude>
    <ClInclude Include="..\include\Base\Render\Lights.h">
      <Filter>头文件\Base\Render</Filter>
    </ClInclude>
    <ClInclude Include="..\include\Base\rayTraceRender\rayTraceMaterialExtra.h">
      <Filter>头文件\Base\rayTraceRender</Filter>
    </ClInclude>
    <ClInclude Include="..\include\Base\rayTraceRender\rayTraceUtility.h">
      <Filter>头文件\Base\rayTraceRender</Filter>
    </ClInclude>
    <ClInclude Include="..\include\Base\Render\ShadeTask.h">
      <Filter>头文件\Base\Render</Filter>
    </ClInclude>
    <ClInclude Include="..\include\Base\rayTraceRender\TraceMode\SDFSphereTrace\TraceRayI_SDFSphere.h">
      <Filter>头文件\Base\rayTraceRender\TraceMode\SDFSphereTrace</Filter>
    </ClInclude>
    <ClInclude Include="..\include\Base\rayTraceRender\BounceMode\CheapBounce\TraceRayO_CheapBounce.h">
      <Filter>头文件\Base\rayTraceRender\BounceMode\CheapBounce</Filter>
    </ClInclude>
    <ClInclude Include="..\include\Base\rayTraceRender\BounceMode\ReflectBounce\TraceRayO_ReflectBounce.h">
      <Filter>头文件\Base\rayTraceRender\BounceMode\ReflectBounce</Filter>
    </ClInclude>
    <ClInclude Include="..\include\Base\rayTraceRender\BounceMode\MonteCarlo\TraceRayO_MonteCarlo.h">
      <Filter>头文件\Base\rayTraceRender\BounceMode\MonteCarlo</Filter>
    </ClInclude>
    <ClInclude Include="..\include\Base\rayTraceRender\TraceMode\SDFSphereTrace\TraceRayI_SDFSphereMonteCarlo.h">
      <Filter>头文件\Base\rayTraceRender\TraceMode\SDFSphereTrace</Filter>
    </ClInclude>
    <ClInclude Include="..\include\Base\rayTraceRender\rayTraceOptimizePolicy.h">
      <Filter>头文件\Base\rayTraceRender</Filter>
    </ClInclude>
    <ClInclude Include="..\include\Base\Tools\Timer.h">
      <Filter>头文件\Base\Tools</Filter>
    </ClInclude>
    <ClInclude Include="..\include\Base\rayTraceRender\Optimize\RTTraceRequest.h">
      <Filter>头文件\Base\rayTraceRender\Optimize</Filter>
    </ClInclude>
    <ClInclude Include="..\include\Base\FileHelper\StaticPointWriter.h">
      <Filter>头文件\Base\FileHelper</Filter>
    </ClInclude>
    <ClInclude Include="..\include\Base\FileHelper\FileWriter.h">
      <Filter>头文件\Base\FileHelper</Filter>
    </ClInclude>
    <ClInclude Include="..\include\FFTOcean\OceanParticleInfo.h">
      <Filter>头文件\FFTOcean</Filter>
    </ClInclude>
    <ClInclude Include="..\include\Base\Optimize\PToy_OpenMP.h">
      <Filter>头文件\Base\Optimize</Filter>
    </ClInclude>
    <ClInclude Include="..\include\Base\Discretization\MarchingCube\MarchingCube.h">
      <Filter>头文件\Base\Discretization\MarchingCube</Filter>
    </ClInclude>
    <ClInclude Include="..\include\Base\Discretization\MarchingCube\MarchingCubeTable.h">
      <Filter>头文件\Base\Discretization\MarchingCube</Filter>
    </ClInclude>
    <ClInclude Include="..\include\Base\FileHelper\StaticTriWriter.h">
      <Filter>头文件\Base\FileHelper</Filter>
    </ClInclude>
    <ClInclude Include="..\include\Base\FileHelper\WriterUtility.h">
      <Filter>头文件\Base\FileHelper</Filter>
    </ClInclude>
    <ClInclude Include="..\include\Base\Noise\PerlinNoise.h">
      <Filter>头文件\Base\Noise</Filter>
    </ClInclude>
    <ClInclude Include="..\include\Base\Noise\Noise.h">
      <Filter>头文件\Base\Noise</Filter>
    </ClInclude>
    <ClInclude Include="..\include\Base\Noise\NoiseUtility.h">
      <Filter>头文件\Base\Noise</Filter>
    </ClInclude>
    <ClInclude Include="..\include\Base\Tools\RandomStream.h">
      <Filter>头文件\Base\Tools</Filter>
    </ClInclude>
    <ClInclude Include="..\include\Base\Noise\FracNoise.h">
      <Filter>头文件\Base\Noise</Filter>
    </ClInclude>
    <ClInclude Include="..\include\Base\Noise\CellNoise.h">
      <Filter>头文件\Base\Noise</Filter>
    </ClInclude>
    <ClInclude Include="..\include\Base\Noise\FBM.h">
      <Filter>头文件\Base\Noise</Filter>
    </ClInclude>
    <ClInclude Include="..\include\Interpreter\Interpreter.h">
      <Filter>头文件\Interpreter</Filter>
    </ClInclude>
    <ClInclude Include="..\include\Interpreter\InterpUtility.h">
      <Filter>头文件\Interpreter</Filter>
    </ClInclude>
    <ClInclude Include="..\include\Interpreter\InterpLanguageHeader.h">
      <Filter>头文件\Interpreter</Filter>
    </ClInclude>
    <ClInclude Include="..\include\Interpreter\InterpLanguages\Interp_pex.h">
      <Filter>头文件\Interpreter\InterpLanguages</Filter>
    </ClInclude>
    <ClInclude Include="..\include\Interpreter\InterpLanguages\Interp_python.h">
      <Filter>头文件\Interpreter\InterpLanguages</Filter>
    </ClInclude>
    <ClInclude Include="..\include\Base\FileHelper\FileReader.h">
      <Filter>头文件\Base\FileHelper</Filter>
    </ClInclude>
    <ClInclude Include="..\include\Interpreter\Describe.h">
      <Filter>头文件\Interpreter</Filter>
    </ClInclude>
    <ClInclude Include="..\include\Base\FileHelper\FileUtility.h">
      <Filter>头文件\Base\FileHelper</Filter>
    </ClInclude>
  </ItemGroup>
  <ItemGroup>
    <ClCompile Include="pch.cpp">
      <Filter>源文件</Filter>
    </ClCompile>
    <ClCompile Include="ParticleToy.cpp">
      <Filter>源文件</Filter>
    </ClCompile>
    <ClCompile Include="..\include\Base\Taiji.cpp">
      <Filter>源文件\Base</Filter>
    </ClCompile>
    <ClCompile Include="..\include\Base\Container.cpp">
      <Filter>源文件\Base</Filter>
    </ClCompile>
    <ClCompile Include="..\include\Base\Utility.cpp">
      <Filter>源文件\Base</Filter>
    </ClCompile>
    <ClCompile Include="..\include\Base\Fast3D.cpp">
      <Filter>源文件\Base</Filter>
    </ClCompile>
    <ClCompile Include="..\include\Base\Evolver.cpp">
      <Filter>源文件\Base</Filter>
    </ClCompile>
    <ClCompile Include="..\include\Base\FastMath.cpp">
      <Filter>源文件\Base</Filter>
    </ClCompile>
    <ClCompile Include="..\include\Base\FastGeo.cpp">
      <Filter>源文件\Base</Filter>
    </ClCompile>
    <ClCompile Include="..\include\Base\EffectSpace.cpp">
      <Filter>源文件\Base</Filter>
    </ClCompile>
    <ClCompile Include="..\include\Base\FastPnt.cpp">
      <Filter>源文件\Base</Filter>
    </ClCompile>
    <ClCompile Include="..\include\Base\FastGrid.cpp">
      <Filter>源文件\Base</Filter>
    </ClCompile>
    <ClCompile Include="..\include\Base\Solvers\SolverUtility.cpp">
      <Filter>源文件\Base\Solvers</Filter>
    </ClCompile>
    <ClCompile Include="..\include\Base\Solvers\PhysicSolver.cpp">
      <Filter>源文件\Base\Solvers</Filter>
    </ClCompile>
    <ClCompile Include="..\include\Base\Solvers\CollisionSolver.cpp">
      <Filter>源文件\Base\Solvers</Filter>
    </ClCompile>
    <ClCompile Include="..\include\Base\Solvers\ColliMergeSolver.cpp">
      <Filter>源文件\Base\Solvers</Filter>
    </ClCompile>
    <ClCompile Include="..\include\Base\Relation.cpp">
      <Filter>源文件\Base</Filter>
    </ClCompile>
    <ClCompile Include="..\include\Base\TickUtility.cpp">
      <Filter>源文件\Base</Filter>
    </ClCompile>
    <ClCompile Include="..\include\Base\Spaces\Spaces.cpp">
      <Filter>源文件\Base\Spaces</Filter>
    </ClCompile>
    <ClCompile Include="..\include\Base\Spaces\Grid.cpp">
      <Filter>源文件\Base\Spaces</Filter>
    </ClCompile>
    <ClCompile Include="..\include\Base\Spaces\Terrain.cpp">
      <Filter>源文件\Base\Spaces</Filter>
    </ClCompile>
    <ClCompile Include="..\include\Base\photonRender\photonWorld.cpp">
      <Filter>源文件\Base\photonRender</Filter>
    </ClCompile>
    <ClCompile Include="..\include\Base\rayTraceRender\rayTraceWorld.cpp">
      <Filter>源文件\Base\rayTraceRender</Filter>
    </ClCompile>
    <ClCompile Include="..\include\Base\Object.cpp">
      <Filter>源文件\Base</Filter>
    </ClCompile>
    <ClCompile Include="..\include\Base\rayTraceRender\rayTraceScreen.cpp">
      <Filter>源文件\Base\rayTraceRender</Filter>
    </ClCompile>
    <ClCompile Include="..\include\Base\rayTraceRender\TraceRay.cpp">
      <Filter>源文件\Base\rayTraceRender</Filter>
    </ClCompile>
    <ClCompile Include="..\include\Base\Render\Material.cpp">
      <Filter>源文件\Base\Render</Filter>
    </ClCompile>
    <ClCompile Include="..\include\Base\Render\Lights.cpp">
      <Filter>源文件\Base\Render</Filter>
    </ClCompile>
    <ClCompile Include="..\include\Base\rayTraceRender\rayTraceMaterialExtra.cpp">
      <Filter>源文件\Base\rayTraceRender</Filter>
    </ClCompile>
    <ClCompile Include="..\include\Base\rayTraceRender\rayTraceUtility.cpp">
      <Filter>源文件\Base\rayTraceRender</Filter>
    </ClCompile>
    <ClCompile Include="..\include\Base\Render\ShadeTask.cpp">
      <Filter>源文件\Base\Render</Filter>
    </ClCompile>
    <ClCompile Include="..\include\Base\rayTraceRender\TraceMode\SDFSphereTrace\TraceRayI_SDFSphere.cpp">
      <Filter>源文件\Base\rayTraceRender\TraceMode\SDFSphereTrace</Filter>
    </ClCompile>
    <ClCompile Include="..\include\Base\rayTraceRender\BounceMode\CheapBounce\TraceRayO_CheapBounce.cpp">
      <Filter>源文件\Base\rayTraceRender\BounceMode\CheapBounce</Filter>
    </ClCompile>
    <ClCompile Include="..\include\Base\rayTraceRender\BounceMode\ReflectBounce\TraceRayO_ReflectBounce.cpp">
      <Filter>源文件\Base\rayTraceRender\BounceMode\ReflectBounce</Filter>
    </ClCompile>
    <ClCompile Include="..\include\Base\rayTraceRender\BounceMode\MonteCarlo\TraceRayO_MonteCarlo.cpp">
      <Filter>源文件\Base\rayTraceRender\BounceMode\MonteCarlo</Filter>
    </ClCompile>
    <ClCompile Include="..\include\Base\rayTraceRender\TraceMode\SDFSphereTrace\TraceRayI_SDFSphereMonteCarlo.cpp">
      <Filter>源文件\Base\rayTraceRender\TraceMode\SDFSphereTrace</Filter>
    </ClCompile>
    <ClCompile Include="..\include\Base\rayTraceRender\rayTraceOptimizePolicy.cpp">
      <Filter>源文件\Base\rayTraceRender</Filter>
    </ClCompile>
    <ClCompile Include="..\include\Base\Tools\Timer.cpp">
      <Filter>源文件\Base\Tools</Filter>
    </ClCompile>
    <ClCompile Include="..\include\Base\rayTraceRender\Optimize\RTTraceRequest.cpp">
      <Filter>源文件\Base\rayTraceRender\Optimize</Filter>
    </ClCompile>
    <ClCompile Include="..\include\Base\FileHelper\StaticPointWriter.cpp">
      <Filter>源文件\Base\FileHelper</Filter>
    </ClCompile>
    <ClCompile Include="..\include\Base\FileHelper\FileWriter.cpp">
      <Filter>源文件\Base\FileHelper</Filter>
    </ClCompile>
    <ClCompile Include="..\include\FFTOcean\OceanParticleInfo.cpp">
      <Filter>源文件\FFTOcean</Filter>
    </ClCompile>
    <ClCompile Include="..\include\Base\Optimize\PToy_OpenMP.cpp">
      <Filter>源文件\Base\Optimize</Filter>
    </ClCompile>
    <ClCompile Include="..\include\Base\Discretization\MarchingCube\MarchingCube.cpp">
      <Filter>源文件\Base\Discretization\MarchingCube</Filter>
    </ClCompile>
    <ClCompile Include="..\include\Base\FileHelper\StaticTriWriter.cpp">
      <Filter>源文件\Base\FileHelper</Filter>
    </ClCompile>
    <ClCompile Include="..\include\Base\FileHelper\WriterUtility.cpp">
      <Filter>源文件\Base\FileHelper</Filter>
    </ClCompile>
    <ClCompile Include="..\include\Base\Noise\Noise.cpp">
      <Filter>源文件\Base\Noise</Filter>
    </ClCompile>
    <ClCompile Include="..\include\Base\Noise\PerlinNoise.cpp">
      <Filter>源文件\Base\Noise</Filter>
    </ClCompile>
    <ClCompile Include="..\include\Base\Noise\NoiseUtility.cpp">
      <Filter>源文件\Base\Noise</Filter>
    </ClCompile>
    <ClCompile Include="..\include\Base\Tools\RandomStream.cpp">
      <Filter>源文件\Base\Tools</Filter>
    </ClCompile>
    <ClCompile Include="..\include\Base\Noise\FracNoise.cpp">
      <Filter>源文件\Base\Noise</Filter>
    </ClCompile>
    <ClCompile Include="..\include\Base\Noise\CellNoise.cpp">
      <Filter>源文件\Base\Noise</Filter>
    </ClCompile>
    <ClCompile Include="..\include\Base\Noise\FBM.cpp">
      <Filter>源文件\Base\Noise</Filter>
    </ClCompile>
    <ClCompile Include="..\Backup\app_marchingCube.cpp">
      <Filter>资源文件\Backup</Filter>
    </ClCompile>
    <ClCompile Include="..\Backup\FFTOcean.cpp">
      <Filter>资源文件\Backup</Filter>
    </ClCompile>
    <ClCompile Include="..\Backup\golf.cpp">
      <Filter>资源文件\Backup</Filter>
    </ClCompile>
    <ClCompile Include="..\Backup\molecule.cpp">
      <Filter>资源文件\Backup</Filter>
    </ClCompile>
    <ClCompile Include="..\Backup\old_FFTocean.cpp">
      <Filter>资源文件\Backup</Filter>
    </ClCompile>
    <ClCompile Include="..\Backup\rayTraceTest.cpp">
      <Filter>资源文件\Backup</Filter>
    </ClCompile>
    <ClCompile Include="..\Backup\threebody.cpp">
      <Filter>资源文件\Backup</Filter>
    </ClCompile>
    <ClCompile Include="..\include\Interpreter\Interpreter.cpp">
      <Filter>源文件\Interpreter</Filter>
    </ClCompile>
    <ClCompile Include="..\include\Interpreter\InterpUtility.cpp">
      <Filter>源文件\Interpreter</Filter>
    </ClCompile>
    <ClCompile Include="..\include\Interpreter\InterpLanguages\Interp_python.cpp">
      <Filter>源文件\Interpreter\InterpLanguages</Filter>
    </ClCompile>
    <ClCompile Include="..\include\Interpreter\InterpLanguages\Interp_pex.cpp">
      <Filter>源文件\Interpreter\InterpLanguages</Filter>
    </ClCompile>
    <ClCompile Include="..\include\Base\FileHelper\FileReader.cpp">
      <Filter>源文件\Base\FileHelper</Filter>
    </ClCompile>
    <ClCompile Include="..\include\Interpreter\Describe.cpp">
      <Filter>源文件\Interpreter</Filter>
    </ClCompile>
    <ClCompile Include="..\include\Base\FileHelper\FileUtility.cpp">
      <Filter>源文件\Base\FileHelper</Filter>
    </ClCompile>
  </ItemGroup>
  <ItemGroup>
    <Text Include="..\Backup\testStandard.txt">
      <Filter>资源文件\Backup</Filter>
    </Text>
  </ItemGroup>
  <ItemGroup>
    <None Include="..\PythonWorkSpace\pex\testRT.pex">
      <Filter>资源文件\pex</Filter>
    </None>
  </ItemGroup>
</Project>